
Microsoft Visual Studio Solution File, Format Version 12.00
# Visual Studio Version 17
VisualStudioVersion = 17.9.34723.18
MinimumVisualStudioVersion = 10.0.40219.1
Project("{9A19103F-16F7-4668-BE54-9A1E7A4F7556}") = "EcommerceIdentityProject", "EcommerceIdentityProject\EcommerceIdentityProject.csproj", "{7292F021-7233-4293-8407-7131B47BC2B7}"
EndProject
Project("{9A19103F-16F7-4668-BE54-9A1E7A4F7556}") = "RazorEcommerceIdentityProject", "RazorEcommerceIdentityProject\RazorEcommerceIdentityProject.csproj", "{338CDFD4-E715-4F49-9DD3-7CAED7CEFD26}"
EndProject
Global
	GlobalSection(SolutionConfigurationPlatforms) = preSolution
		Debug|Any CPU = Debug|Any CPU
		Release|Any CPU = Release|Any CPU
	EndGlobalSection
	GlobalSection(ProjectConfigurationPlatforms) = postSolution
		{7292F021-7233-4293-8407-7131B47BC2B7}.Debug|Any CPU.ActiveCfg = Debug|Any CPU
		{7292F021-7233-4293-8407-7131B47BC2B7}.Debug|Any CPU.Build.0 = Debug|Any CPU
		{7292F021-7233-4293-8407-7131B47BC2B7}.Release|Any CPU.ActiveCfg = Release|Any CPU
		{7292F021-7233-4293-8407-7131B47BC2B7}.Release|Any CPU.Build.0 = Release|Any CPU
		{338CDFD4-E715-4F49-9DD3-7CAED7CEFD26}.Debug|Any CPU.ActiveCfg = Debug|Any CPU
		{338CDFD4-E715-4F49-9DD3-7CAED7CEFD26}.Debug|Any CPU.Build.0 = Debug|Any CPU
		{338CDFD4-E715-4F49-9DD3-7CAED7CEFD26}.Release|Any CPU.ActiveCfg = Release|Any CPU
		{338CDFD4-E715-4F49-9DD3-7CAED7CEFD26}.Release|Any CPU.Build.0 = Release|Any CPU
	EndGlobalSection
	GlobalSection(SolutionProperties) = preSolution
		HideSolutionNode = FALSE
	EndGlobalSection
	GlobalSection(ExtensibilityGlobals) = postSolution
		SolutionGuid = {348AA1CC-43EF-41B3-9F06-6971CFD19DF6}
	EndGlobalSection
EndGlobal
